
Microsoft Visual Studio Solution File, Format Version 12.00
# Visual Studio Version 16
VisualStudioVersion = 16.0.29905.134
MinimumVisualStudioVersion = 10.0.40219.1
Project("{FAE04EC0-301F-11D3-BF4B-00C04F79EFBC}") = "WebAppCore1", "WebAppCore1\WebAppCore1.csproj", "{34CBCEFC-4FCF-4547-9F9C-61AFD5EC7C2C}"
EndProject
Global
	GlobalSection(SolutionConfigurationPlatforms) = preSolution
		Debug|Any CPU = Debug|Any CPU
		Release|Any CPU = Release|Any CPU
	EndGlobalSection
	GlobalSection(ProjectConfigurationPlatforms) = postSolution
		{34CBCEFC-4FCF-4547-9F9C-61AFD5EC7C2C}.Debug|Any CPU.ActiveCfg = Debug|Any CPU
		{34CBCEFC-4FCF-4547-9F9C-61AFD5EC7C2C}.Debug|Any CPU.Build.0 = Debug|Any CPU
		{34CBCEFC-4FCF-4547-9F9C-61AFD5EC7C2C}.Release|Any CPU.ActiveCfg = Release|Any CPU
		{34CBCEFC-4FCF-4547-9F9C-61AFD5EC7C2C}.Release|Any CPU.Build.0 = Release|Any CPU
	EndGlobalSection
	GlobalSection(SolutionProperties) = preSolution
		HideSolutionNode = FALSE
	EndGlobalSection
	GlobalSection(ExtensibilityGlobals) = postSolution
		SolutionGuid = {EB39A660-B336-4801-9D4E-9BE41231A4F1}
	EndGlobalSection
EndGlobal
